{
  "name": "angular-test-project",
  "version": "0.0.0",
  "lockfileVersion": 2,
  "requires": true,
  "packages": {
    "": {
      "name": "angular-test-project",
      "version": "0.0.0",
      "dependencies": {
        "@angular/animations": "^17.3.0",
        "@angular/common": "^17.3.0",
        "@angular/compiler": "^17.3.0",
        "@angular/core": "^17.3.0",
        "@angular/forms": "^17.3.0",
        "@angular/platform-browser": "^17.3.0",
        "@angular/platform-browser-dynamic": "^17.3.0",
        "@angular/router": "^17.3.0",
        "@angular/cdk": "^17.3.0",
        "@angular/material": "^17.3.0",
        "rxjs": "~7.5.0",
        "tslib": "^2.6.0",
        "zone.js": "~0.13.0",
        "@angular/flex-layout": "^15.0.0-beta.42",
        "@ngrx/store": "^17.0.0",
        "@ngrx/effects": "^17.0.0"
      }
    },
    "node_modules/@angular/core": {
      "version": "17.3.0",
      "resolved": "https://registry.npmjs.org/@angular/core/-/core-17.3.0.tgz",
      "dependencies": {
        "tslib": "^2.3.0"  
      },
      "peerDependencies": {
        "rxjs": "^6.5.3 || ^7.4.0",
        "zone.js": "~0.14.0"
      }
    },
    "node_modules/@angular/common": {
      "version": "17.3.0",
      "resolved": "https://registry.npmjs.org/@angular/common/-/common-17.3.0.tgz",
      "peerDependencies": {
        "@angular/core": "17.3.0",
        "rxjs": "^6.5.3 || ^7.4.0"
      }
    },
    "node_modules/@angular/animations": {
      "version": "17.3.0",
      "resolved": "https://registry.npmjs.org/@angular/animations/-/animations-17.3.0.tgz",
      "peerDependencies": {
        "@angular/core": "17.3.0"
      }
    },
    "node_modules/@angular/cdk": {
      "version": "17.3.0",
      "resolved": "https://registry.npmjs.org/@angular/cdk/-/cdk-17.3.0.tgz",
      "peerDependencies": {
        "@angular/core": "^17.0.0 || ^18.0.0",
        "@angular/common": "^17.0.0 || ^18.0.0"
      }
    },
    "node_modules/@angular/material": {
      "version": "17.3.0", 
      "resolved": "https://registry.npmjs.org/@angular/material/-/material-17.3.0.tgz",
      "peerDependencies": {
        "@angular/animations": "^17.0.0 || ^18.0.0",
        "@angular/cdk": "17.3.0",
        "@angular/core": "^17.0.0 || ^18.0.0",
        "@angular/common": "^17.0.0 || ^18.0.0"
      }
    },
    "node_modules/@angular/flex-layout": {
      "version": "15.0.0-beta.42",
      "resolved": "https://registry.npmjs.org/@angular/flex-layout/-/flex-layout-15.0.0-beta.42.tgz",
      "peerDependencies": {
        "@angular/core": "^15.0.0",
        "@angular/common": "^15.0.0"
      }
    },
    "node_modules/@ngrx/store": {
      "version": "17.0.0",
      "resolved": "https://registry.npmjs.org/@ngrx/store/-/store-17.0.0.tgz",
      "peerDependencies": {
        "@angular/core": "^17.0.0",
        "rxjs": "^6.5.3 || ^7.5.0"
      }
    },
    "node_modules/@ngrx/effects": {
      "version": "17.0.0",
      "resolved": "https://registry.npmjs.org/@ngrx/effects/-/effects-17.0.0.tgz",
      "peerDependencies": {
        "@angular/core": "^17.0.0",
        "@ngrx/store": "17.0.0",
        "rxjs": "^6.5.3 || ^7.5.0"
      }
    },
    "node_modules/rxjs": {
      "version": "7.5.7",
      "resolved": "https://registry.npmjs.org/rxjs/-/rxjs-7.5.7.tgz"  
    },
    "node_modules/zone.js": {
      "version": "0.13.3",
      "resolved": "https://registry.npmjs.org/zone.js/-/zone.js-0.13.3.tgz"
    },
    "node_modules/typescript": {
      "version": "5.2.2",
      "resolved": "https://registry.npmjs.org/typescript/-/typescript-5.2.2.tgz"
    },
    "node_modules/tslib": {
      "version": "2.6.2",
      "resolved": "https://registry.npmjs.org/tslib/-/tslib-2.6.2.tgz"
    }
  }
}
